
Microsoft Visual Studio Solution File, Format Version 12.00
# Visual Studio 15
VisualStudioVersion = 15.0.28307.421
MinimumVisualStudioVersion = 10.0.40219.1
Project("{FAE04EC0-301F-11D3-BF4B-00C04F79EFBC}") = "AuExtension", "AuExtension\AuExtension.csproj", "{DCA0DF8C-3F98-4784-A160-15A8E1513EAC}"
EndProject
Project("{FAE04EC0-301F-11D3-BF4B-00C04F79EFBC}") = "Sample", "Sample\Sample.csproj", "{7857E6B0-06B5-4D8D-8180-D466A8D24EA4}"
EndProject
Project("{FAE04EC0-301F-11D3-BF4B-00C04F79EFBC}") = "SampleWpf", "SampleWpf\SampleWpf.csproj", "{5D2318AE-EE4B-4B63-B30D-840C436D1188}"
EndProject
Global
	GlobalSection(SolutionConfigurationPlatforms) = preSolution
		Debug|Any CPU = Debug|Any CPU
		Release|Any CPU = Release|Any CPU
	EndGlobalSection
	GlobalSection(ProjectConfigurationPlatforms) = postSolution
		{DCA0DF8C-3F98-4784-A160-15A8E1513EAC}.Debug|Any CPU.ActiveCfg = Debug|Any CPU
		{DCA0DF8C-3F98-4784-A160-15A8E1513EAC}.Debug|Any CPU.Build.0 = Debug|Any CPU
		{DCA0DF8C-3F98-4784-A160-15A8E1513EAC}.Release|Any CPU.ActiveCfg = Release|Any CPU
		{DCA0DF8C-3F98-4784-A160-15A8E1513EAC}.Release|Any CPU.Build.0 = Release|Any CPU
		{7857E6B0-06B5-4D8D-8180-D466A8D24EA4}.Debug|Any CPU.ActiveCfg = Debug|Any CPU
		{7857E6B0-06B5-4D8D-8180-D466A8D24EA4}.Debug|Any CPU.Build.0 = Debug|Any CPU
		{7857E6B0-06B5-4D8D-8180-D466A8D24EA4}.Release|Any CPU.ActiveCfg = Release|Any CPU
		{7857E6B0-06B5-4D8D-8180-D466A8D24EA4}.Release|Any CPU.Build.0 = Release|Any CPU
		{5D2318AE-EE4B-4B63-B30D-840C436D1188}.Debug|Any CPU.ActiveCfg = Debug|Any CPU
		{5D2318AE-EE4B-4B63-B30D-840C436D1188}.Debug|Any CPU.Build.0 = Debug|Any CPU
		{5D2318AE-EE4B-4B63-B30D-840C436D1188}.Release|Any CPU.ActiveCfg = Release|Any CPU
		{5D2318AE-EE4B-4B63-B30D-840C436D1188}.Release|Any CPU.Build.0 = Release|Any CPU
	EndGlobalSection
	GlobalSection(SolutionProperties) = preSolution
		HideSolutionNode = FALSE
	EndGlobalSection
	GlobalSection(ExtensibilityGlobals) = postSolution
		SolutionGuid = {F5AB18B2-E973-4129-AA96-92F15F771E33}
	EndGlobalSection
EndGlobal
